// !$*UTF8*$!
{
	archiveVersion = 1;
	classes = {
	};
	objectVersion = 55;
	objects = {

/* Begin PBXBuildFile section */
		ACC4FC5A28E3D69500C6A9E1 /* NetworkManager.swift in Sources */ = {isa = PBXBuildFile; fileRef = ACC4FC5928E3D69500C6A9E1 /* NetworkManager.swift */; };
		ACC4FC5E28E3F57500C6A9E1 /* APIError.swift in Sources */ = {isa = PBXBuildFile; fileRef = ACC4FC5D28E3F57500C6A9E1 /* APIError.swift */; };
		ACC4FC6628E3FCF100C6A9E1 /* Vaccination_Center_List_AppTests.swift in Sources */ = {isa = PBXBuildFile; fileRef = ACC4FC6528E3FCF100C6A9E1 /* Vaccination_Center_List_AppTests.swift */; };
		ACC4FC6E28E3FDD100C6A9E1 /* StubURLDataTask.swift in Sources */ = {isa = PBXBuildFile; fileRef = ACC4FC6D28E3FDD100C6A9E1 /* StubURLDataTask.swift */; };
		ACC4FC7028E3FE3600C6A9E1 /* StubURLSession.swift in Sources */ = {isa = PBXBuildFile; fileRef = ACC4FC6F28E3FE3600C6A9E1 /* StubURLSession.swift */; };
		ACC4FC7228E400CF00C6A9E1 /* TestAPIModel.swift in Sources */ = {isa = PBXBuildFile; fileRef = ACC4FC7128E400CF00C6A9E1 /* TestAPIModel.swift */; };
		ACC778FA28E2D58C000EDA2F /* AppDelegate.swift in Sources */ = {isa = PBXBuildFile; fileRef = ACC778F928E2D58C000EDA2F /* AppDelegate.swift */; };
		ACC778FC28E2D58C000EDA2F /* SceneDelegate.swift in Sources */ = {isa = PBXBuildFile; fileRef = ACC778FB28E2D58C000EDA2F /* SceneDelegate.swift */; };
		ACC778FE28E2D58C000EDA2F /* ViewController.swift in Sources */ = {isa = PBXBuildFile; fileRef = ACC778FD28E2D58C000EDA2F /* ViewController.swift */; };
		ACC7790328E2D58D000EDA2F /* Assets.xcassets in Resources */ = {isa = PBXBuildFile; fileRef = ACC7790228E2D58D000EDA2F /* Assets.xcassets */; };
		ACC7790628E2D58D000EDA2F /* LaunchScreen.storyboard in Resources */ = {isa = PBXBuildFile; fileRef = ACC7790428E2D58D000EDA2F /* LaunchScreen.storyboard */; };
		ACC7790F28E2DBA9000EDA2F /* URLSessionProtocol.swift in Sources */ = {isa = PBXBuildFile; fileRef = ACC7790E28E2DBA9000EDA2F /* URLSessionProtocol.swift */; };
		ACC7791528E2DF76000EDA2F /* HTTPMethod.swift in Sources */ = {isa = PBXBuildFile; fileRef = ACC7791428E2DF76000EDA2F /* HTTPMethod.swift */; };
		ACC7791728E2DFA5000EDA2F /* APIModel.swift in Sources */ = {isa = PBXBuildFile; fileRef = ACC7791628E2DFA5000EDA2F /* APIModel.swift */; };
		ACC7791928E2E80C000EDA2F /* AppPrivacyInfo.plist in Resources */ = {isa = PBXBuildFile; fileRef = ACC7791828E2E80C000EDA2F /* AppPrivacyInfo.plist */; };
		ACC7791C28E2E8DB000EDA2F /* VaccinationCenterListApp++Bundle.swift in Sources */ = {isa = PBXBuildFile; fileRef = ACC7791B28E2E8DB000EDA2F /* VaccinationCenterListApp++Bundle.swift */; };
		C554819C6FA15E8ABA4D491D /* Pods_Vaccination_Center_List_App.framework in Frameworks */ = {isa = PBXBuildFile; fileRef = 47888BD72C81CFAB94031814 /* Pods_Vaccination_Center_List_App.framework */; };
/* End PBXBuildFile section */

/* Begin PBXContainerItemProxy section */
		ACC4FC6728E3FCF100C6A9E1 /* PBXContainerItemProxy */ = {
			isa = PBXContainerItemProxy;
			containerPortal = ACC778EE28E2D58C000EDA2F /* Project object */;
			proxyType = 1;
			remoteGlobalIDString = ACC778F528E2D58C000EDA2F;
			remoteInfo = "Vaccination-Center-List-App";
		};
/* End PBXContainerItemProxy section */

/* Begin PBXFileReference section */
		47888BD72C81CFAB94031814 /* Pods_Vaccination_Center_List_App.framework */ = {isa = PBXFileReference; explicitFileType = wrapper.framework; includeInIndex = 0; path = Pods_Vaccination_Center_List_App.framework; sourceTree = BUILT_PRODUCTS_DIR; };
		5F6087C3D8E0A80BE7D4CB91 /* Pods-Vaccination-Center-List-App.release.xcconfig */ = {isa = PBXFileReference; includeInIndex = 1; lastKnownFileType = text.xcconfig; name = "Pods-Vaccination-Center-List-App.release.xcconfig"; path = "Target Support Files/Pods-Vaccination-Center-List-App/Pods-Vaccination-Center-List-App.release.xcconfig"; sourceTree = "<group>"; };
		7F028287D186C17ACF29158A /* Pods-Vaccination-Center-List-App.debug.xcconfig */ = {isa = PBXFileReference; includeInIndex = 1; lastKnownFileType = text.xcconfig; name = "Pods-Vaccination-Center-List-App.debug.xcconfig"; path = "Target Support Files/Pods-Vaccination-Center-List-App/Pods-Vaccination-Center-List-App.debug.xcconfig"; sourceTree = "<group>"; };
		ACC4FC5928E3D69500C6A9E1 /* NetworkManager.swift */ = {isa = PBXFileReference; lastKnownFileType = sourcecode.swift; path = NetworkManager.swift; sourceTree = "<group>"; };
		ACC4FC5D28E3F57500C6A9E1 /* APIError.swift */ = {isa = PBXFileReference; lastKnownFileType = sourcecode.swift; path = APIError.swift; sourceTree = "<group>"; };
		ACC4FC6328E3FCF100C6A9E1 /* Vaccination-Center-List-AppTests.xctest */ = {isa = PBXFileReference; explicitFileType = wrapper.cfbundle; includeInIndex = 0; path = "Vaccination-Center-List-AppTests.xctest"; sourceTree = BUILT_PRODUCTS_DIR; };
		ACC4FC6528E3FCF100C6A9E1 /* Vaccination_Center_List_AppTests.swift */ = {isa = PBXFileReference; lastKnownFileType = sourcecode.swift; path = Vaccination_Center_List_AppTests.swift; sourceTree = "<group>"; };
		ACC4FC6D28E3FDD100C6A9E1 /* StubURLDataTask.swift */ = {isa = PBXFileReference; lastKnownFileType = sourcecode.swift; path = StubURLDataTask.swift; sourceTree = "<group>"; };
		ACC4FC6F28E3FE3600C6A9E1 /* StubURLSession.swift */ = {isa = PBXFileReference; lastKnownFileType = sourcecode.swift; path = StubURLSession.swift; sourceTree = "<group>"; };
		ACC4FC7128E400CF00C6A9E1 /* TestAPIModel.swift */ = {isa = PBXFileReference; lastKnownFileType = sourcecode.swift; path = TestAPIModel.swift; sourceTree = "<group>"; };
		ACC778F628E2D58C000EDA2F /* Vaccination-Center-List-App.app */ = {isa = PBXFileReference; explicitFileType = wrapper.application; includeInIndex = 0; path = "Vaccination-Center-List-App.app"; sourceTree = BUILT_PRODUCTS_DIR; };
		ACC778F928E2D58C000EDA2F /* AppDelegate.swift */ = {isa = PBXFileReference; lastKnownFileType = sourcecode.swift; path = AppDelegate.swift; sourceTree = "<group>"; };
		ACC778FB28E2D58C000EDA2F /* SceneDelegate.swift */ = {isa = PBXFileReference; lastKnownFileType = sourcecode.swift; path = SceneDelegate.swift; sourceTree = "<group>"; };
		ACC778FD28E2D58C000EDA2F /* ViewController.swift */ = {isa = PBXFileReference; lastKnownFileType = sourcecode.swift; path = ViewController.swift; sourceTree = "<group>"; };
		ACC7790228E2D58D000EDA2F /* Assets.xcassets */ = {isa = PBXFileReference; lastKnownFileType = folder.assetcatalog; path = Assets.xcassets; sourceTree = "<group>"; };
		ACC7790528E2D58D000EDA2F /* Base */ = {isa = PBXFileReference; lastKnownFileType = file.storyboard; name = Base; path = Base.lproj/LaunchScreen.storyboard; sourceTree = "<group>"; };
		ACC7790728E2D58D000EDA2F /* Info.plist */ = {isa = PBXFileReference; lastKnownFileType = text.plist.xml; path = Info.plist; sourceTree = "<group>"; };
		ACC7790E28E2DBA9000EDA2F /* URLSessionProtocol.swift */ = {isa = PBXFileReference; lastKnownFileType = sourcecode.swift; path = URLSessionProtocol.swift; sourceTree = "<group>"; };
		ACC7791428E2DF76000EDA2F /* HTTPMethod.swift */ = {isa = PBXFileReference; lastKnownFileType = sourcecode.swift; path = HTTPMethod.swift; sourceTree = "<group>"; };
		ACC7791628E2DFA5000EDA2F /* APIModel.swift */ = {isa = PBXFileReference; lastKnownFileType = sourcecode.swift; path = APIModel.swift; sourceTree = "<group>"; };
		ACC7791828E2E80C000EDA2F /* AppPrivacyInfo.plist */ = {isa = PBXFileReference; lastKnownFileType = text.plist.xml; path = AppPrivacyInfo.plist; sourceTree = "<group>"; };
		ACC7791B28E2E8DB000EDA2F /* VaccinationCenterListApp++Bundle.swift */ = {isa = PBXFileReference; lastKnownFileType = sourcecode.swift; path = "VaccinationCenterListApp++Bundle.swift"; sourceTree = "<group>"; };
/* End PBXFileReference section */

/* Begin PBXFrameworksBuildPhase section */
		ACC4FC6028E3FCF100C6A9E1 /* Frameworks */ = {
			isa = PBXFrameworksBuildPhase;
			buildActionMask = 2147483647;
			files = (
			);
			runOnlyForDeploymentPostprocessing = 0;
		};
		ACC778F328E2D58C000EDA2F /* Frameworks */ = {
			isa = PBXFrameworksBuildPhase;
			buildActionMask = 2147483647;
			files = (
				C554819C6FA15E8ABA4D491D /* Pods_Vaccination_Center_List_App.framework in Frameworks */,
			);
			runOnlyForDeploymentPostprocessing = 0;
		};
/* End PBXFrameworksBuildPhase section */

/* Begin PBXGroup section */
		33D0981AE268031143813860 /* Frameworks */ = {
			isa = PBXGroup;
			children = (
				47888BD72C81CFAB94031814 /* Pods_Vaccination_Center_List_App.framework */,
			);
			name = Frameworks;
			sourceTree = "<group>";
		};
		ACB9336428E430BE00AC462E /* API */ = {
			isa = PBXGroup;
			children = (
				ACC7790E28E2DBA9000EDA2F /* URLSessionProtocol.swift */,
				ACC4FC5928E3D69500C6A9E1 /* NetworkManager.swift */,
				ACC7791628E2DFA5000EDA2F /* APIModel.swift */,
				ACC7791428E2DF76000EDA2F /* HTTPMethod.swift */,
			);
			path = API;
			sourceTree = "<group>";
		};
		ACB9336528E430D600AC462E /* Error */ = {
			isa = PBXGroup;
			children = (
				ACC4FC5D28E3F57500C6A9E1 /* APIError.swift */,
			);
			path = Error;
			sourceTree = "<group>";
		};
		ACC4FC6428E3FCF100C6A9E1 /* Vaccination-Center-List-AppTests */ = {
			isa = PBXGroup;
			children = (
				ACC4FC6528E3FCF100C6A9E1 /* Vaccination_Center_List_AppTests.swift */,
				ACC4FC6C28E3FDBC00C6A9E1 /* TestDouble */,
			);
			path = "Vaccination-Center-List-AppTests";
			sourceTree = "<group>";
		};
		ACC4FC6C28E3FDBC00C6A9E1 /* TestDouble */ = {
			isa = PBXGroup;
			children = (
				ACC4FC6D28E3FDD100C6A9E1 /* StubURLDataTask.swift */,
				ACC4FC6F28E3FE3600C6A9E1 /* StubURLSession.swift */,
				ACC4FC7128E400CF00C6A9E1 /* TestAPIModel.swift */,
			);
			path = TestDouble;
			sourceTree = "<group>";
		};
		ACC778ED28E2D58C000EDA2F = {
			isa = PBXGroup;
			children = (
				ACC778F828E2D58C000EDA2F /* Vaccination-Center-List-App */,
				ACC4FC6428E3FCF100C6A9E1 /* Vaccination-Center-List-AppTests */,
				ACC778F728E2D58C000EDA2F /* Products */,
				C1942937AFF58C0BDF56B97B /* Pods */,
				33D0981AE268031143813860 /* Frameworks */,
			);
			sourceTree = "<group>";
		};
		ACC778F728E2D58C000EDA2F /* Products */ = {
			isa = PBXGroup;
			children = (
				ACC778F628E2D58C000EDA2F /* Vaccination-Center-List-App.app */,
				ACC4FC6328E3FCF100C6A9E1 /* Vaccination-Center-List-AppTests.xctest */,
			);
			name = Products;
			sourceTree = "<group>";
		};
		ACC778F828E2D58C000EDA2F /* Vaccination-Center-List-App */ = {
			isa = PBXGroup;
			children = (
				ACC778F928E2D58C000EDA2F /* AppDelegate.swift */,
				ACC778FB28E2D58C000EDA2F /* SceneDelegate.swift */,
				ACC7790D28E2DB4D000EDA2F /* Utill */,
				ACC778FD28E2D58C000EDA2F /* ViewController.swift */,
				ACC7790228E2D58D000EDA2F /* Assets.xcassets */,
				ACC7790428E2D58D000EDA2F /* LaunchScreen.storyboard */,
				ACC7790728E2D58D000EDA2F /* Info.plist */,
				ACC7791828E2E80C000EDA2F /* AppPrivacyInfo.plist */,
				ACC7791B28E2E8DB000EDA2F /* VaccinationCenterListApp++Bundle.swift */,
			);
			path = "Vaccination-Center-List-App";
			sourceTree = "<group>";
		};
		ACC7790D28E2DB4D000EDA2F /* Utill */ = {
			isa = PBXGroup;
			children = (
				ACB9336428E430BE00AC462E /* API */,
				ACB9336528E430D600AC462E /* Error */,
			);
			path = Utill;
			sourceTree = "<group>";
		};
		C1942937AFF58C0BDF56B97B /* Pods */ = {
			isa = PBXGroup;
			children = (
				7F028287D186C17ACF29158A /* Pods-Vaccination-Center-List-App.debug.xcconfig */,
				5F6087C3D8E0A80BE7D4CB91 /* Pods-Vaccination-Center-List-App.release.xcconfig */,
			);
			path = Pods;
			sourceTree = "<group>";
		};
/* End PBXGroup section */

/* Begin PBXNativeTarget section */
		ACC4FC6228E3FCF100C6A9E1 /* Vaccination-Center-List-AppTests */ = {
			isa = PBXNativeTarget;
			buildConfigurationList = ACC4FC6B28E3FCF100C6A9E1 /* Build configuration list for PBXNativeTarget "Vaccination-Center-List-AppTests" */;
			buildPhases = (
				ACC4FC5F28E3FCF100C6A9E1 /* Sources */,
				ACC4FC6028E3FCF100C6A9E1 /* Frameworks */,
				ACC4FC6128E3FCF100C6A9E1 /* Resources */,
			);
			buildRules = (
			);
			dependencies = (
				ACC4FC6828E3FCF100C6A9E1 /* PBXTargetDependency */,
			);
			name = "Vaccination-Center-List-AppTests";
			productName = "Vaccination-Center-List-AppTests";
			productReference = ACC4FC6328E3FCF100C6A9E1 /* Vaccination-Center-List-AppTests.xctest */;
			productType = "com.apple.product-type.bundle.unit-test";
		};
		ACC778F528E2D58C000EDA2F /* Vaccination-Center-List-App */ = {
			isa = PBXNativeTarget;
			buildConfigurationList = ACC7790A28E2D58D000EDA2F /* Build configuration list for PBXNativeTarget "Vaccination-Center-List-App" */;
			buildPhases = (
				EF35E739435E2F79479D2647 /* [CP] Check Pods Manifest.lock */,
				ACC778F228E2D58C000EDA2F /* Sources */,
				ACC778F328E2D58C000EDA2F /* Frameworks */,
				ACC778F428E2D58C000EDA2F /* Resources */,
				CB7F3C989A99385D6B2ECFDF /* [CP] Embed Pods Frameworks */,
			);
			buildRules = (
			);
			dependencies = (
			);
			name = "Vaccination-Center-List-App";
			productName = "Vaccination-Center-List-App";
			productReference = ACC778F628E2D58C000EDA2F /* Vaccination-Center-List-App.app */;
			productType = "com.apple.product-type.application";
		};
/* End PBXNativeTarget section */

/* Begin PBXProject section */
		ACC778EE28E2D58C000EDA2F /* Project object */ = {
			isa = PBXProject;
			attributes = {
				BuildIndependentTargetsInParallel = 1;
				LastSwiftUpdateCheck = 1330;
				LastUpgradeCheck = 1330;
				TargetAttributes = {
					ACC4FC6228E3FCF100C6A9E1 = {
						CreatedOnToolsVersion = 13.3.1;
						TestTargetID = ACC778F528E2D58C000EDA2F;
					};
					ACC778F528E2D58C000EDA2F = {
						CreatedOnToolsVersion = 13.3.1;
					};
				};
			};
			buildConfigurationList = ACC778F128E2D58C000EDA2F /* Build configuration list for PBXProject "Vaccination-Center-List-App" */;
			compatibilityVersion = "Xcode 13.0";
			developmentRegion = en;
			hasScannedForEncodings = 0;
			knownRegions = (
				en,
				Base,
			);
			mainGroup = ACC778ED28E2D58C000EDA2F;
			productRefGroup = ACC778F728E2D58C000EDA2F /* Products */;
			projectDirPath = "";
			projectRoot = "";
			targets = (
				ACC778F528E2D58C000EDA2F /* Vaccination-Center-List-App */,
				ACC4FC6228E3FCF100C6A9E1 /* Vaccination-Center-List-AppTests */,
			);
		};
/* End PBXProject section */

/* Begin PBXResourcesBuildPhase section */
		ACC4FC6128E3FCF100C6A9E1 /* Resources */ = {
			isa = PBXResourcesBuildPhase;
			buildActionMask = 2147483647;
			files = (
			);
			runOnlyForDeploymentPostprocessing = 0;
		};
		ACC778F428E2D58C000EDA2F /* Resources */ = {
			isa = PBXResourcesBuildPhase;
			buildActionMask = 2147483647;
			files = (
				ACC7791928E2E80C000EDA2F /* AppPrivacyInfo.plist in Resources */,
				ACC7790628E2D58D000EDA2F /* LaunchScreen.storyboard in Resources */,
				ACC7790328E2D58D000EDA2F /* Assets.xcassets in Resources */,
			);
			runOnlyForDeploymentPostprocessing = 0;
		};
/* End PBXResourcesBuildPhase section */

/* Begin PBXShellScriptBuildPhase section */
		CB7F3C989A99385D6B2ECFDF /* [CP] Embed Pods Frameworks */ = {
			isa = PBXShellScriptBuildPhase;
			buildActionMask = 2147483647;
			files = (
			);
			inputFileListPaths = (
				"${PODS_ROOT}/Target Support Files/Pods-Vaccination-Center-List-App/Pods-Vaccination-Center-List-App-frameworks-${CONFIGURATION}-input-files.xcfilelist",
			);
			name = "[CP] Embed Pods Frameworks";
			outputFileListPaths = (
				"${PODS_ROOT}/Target Support Files/Pods-Vaccination-Center-List-App/Pods-Vaccination-Center-List-App-frameworks-${CONFIGURATION}-output-files.xcfilelist",
			);
			runOnlyForDeploymentPostprocessing = 0;
			shellPath = /bin/sh;
			shellScript = "\"${PODS_ROOT}/Target Support Files/Pods-Vaccination-Center-List-App/Pods-Vaccination-Center-List-App-frameworks.sh\"\n";
			showEnvVarsInLog = 0;
		};
		EF35E739435E2F79479D2647 /* [CP] Check Pods Manifest.lock */ = {
			isa = PBXShellScriptBuildPhase;
			buildActionMask = 2147483647;
			files = (
			);
			inputFileListPaths = (
			);
			inputPaths = (
				"${PODS_PODFILE_DIR_PATH}/Podfile.lock",
				"${PODS_ROOT}/Manifest.lock",
			);
			name = "[CP] Check Pods Manifest.lock";
			outputFileListPaths = (
			);
			outputPaths = (
				"$(DERIVED_FILE_DIR)/Pods-Vaccination-Center-List-App-checkManifestLockResult.txt",
			);
			runOnlyForDeploymentPostprocessing = 0;
			shellPath = /bin/sh;
			shellScript = "diff \"${PODS_PODFILE_DIR_PATH}/Podfile.lock\" \"${PODS_ROOT}/Manifest.lock\" > /dev/null\nif [ $? != 0 ] ; then\n    # print error to STDERR\n    echo \"error: The sandbox is not in sync with the Podfile.lock. Run 'pod install' or update your CocoaPods installation.\" >&2\n    exit 1\nfi\n# This output is used by Xcode 'outputs' to avoid re-running this script phase.\necho \"SUCCESS\" > \"${SCRIPT_OUTPUT_FILE_0}\"\n";
			showEnvVarsInLog = 0;
		};
/* End PBXShellScriptBuildPhase section */

/* Begin PBXSourcesBuildPhase section */
		ACC4FC5F28E3FCF100C6A9E1 /* Sources */ = {
			isa = PBXSourcesBuildPhase;
			buildActionMask = 2147483647;
			files = (
				ACC4FC7228E400CF00C6A9E1 /* TestAPIModel.swift in Sources */,
				ACC4FC6E28E3FDD100C6A9E1 /* StubURLDataTask.swift in Sources */,
				ACC4FC7028E3FE3600C6A9E1 /* StubURLSession.swift in Sources */,
				ACC4FC6628E3FCF100C6A9E1 /* Vaccination_Center_List_AppTests.swift in Sources */,
			);
			runOnlyForDeploymentPostprocessing = 0;
		};
		ACC778F228E2D58C000EDA2F /* Sources */ = {
			isa = PBXSourcesBuildPhase;
			buildActionMask = 2147483647;
			files = (
				ACC7790F28E2DBA9000EDA2F /* URLSessionProtocol.swift in Sources */,
				ACC778FE28E2D58C000EDA2F /* ViewController.swift in Sources */,
				ACC7791C28E2E8DB000EDA2F /* VaccinationCenterListApp++Bundle.swift in Sources */,
				ACC4FC5E28E3F57500C6A9E1 /* APIError.swift in Sources */,
				ACC778FA28E2D58C000EDA2F /* AppDelegate.swift in Sources */,
				ACC4FC5A28E3D69500C6A9E1 /* NetworkManager.swift in Sources */,
				ACC7791528E2DF76000EDA2F /* HTTPMethod.swift in Sources */,
				ACC7791728E2DFA5000EDA2F /* APIModel.swift in Sources */,
				ACC778FC28E2D58C000EDA2F /* SceneDelegate.swift in Sources */,
			);
			runOnlyForDeploymentPostprocessing = 0;
		};
/* End PBXSourcesBuildPhase section */

/* Begin PBXTargetDependency section */
		ACC4FC6828E3FCF100C6A9E1 /* PBXTargetDependency */ = {
			isa = PBXTargetDependency;
			target = ACC778F528E2D58C000EDA2F /* Vaccination-Center-List-App */;
			targetProxy = ACC4FC6728E3FCF100C6A9E1 /* PBXContainerItemProxy */;
		};
/* End PBXTargetDependency section */

/* Begin PBXVariantGroup section */
		ACC7790428E2D58D000EDA2F /* LaunchScreen.storyboard */ = {
			isa = PBXVariantGroup;
			children = (
				ACC7790528E2D58D000EDA2F /* Base */,
			);
			name = LaunchScreen.storyboard;
			sourceTree = "<group>";
		};
/* End PBXVariantGroup section */

/* Begin XCBuildConfiguration section */
		ACC4FC6928E3FCF100C6A9E1 /* Debug */ = {
			isa = XCBuildConfiguration;
			buildSettings = {
				BUNDLE_LOADER = "$(TEST_HOST)";
				CODE_SIGN_STYLE = Automatic;
				CURRENT_PROJECT_VERSION = 1;
				DEVELOPMENT_TEAM = SD8J3B58T9;
				GENERATE_INFOPLIST_FILE = YES;
				MARKETING_VERSION = 1.0;
				PRODUCT_BUNDLE_IDENTIFIER = "Doogie.Vaccination-Center-List-AppTests";
				PRODUCT_NAME = "$(TARGET_NAME)";
				SWIFT_EMIT_LOC_STRINGS = NO;
				SWIFT_VERSION = 5.0;
				TARGETED_DEVICE_FAMILY = "1,2";
				TEST_HOST = "$(BUILT_PRODUCTS_DIR)/Vaccination-Center-List-App.app/Vaccination-Center-List-App";
			};
			name = Debug;
		};
		ACC4FC6A28E3FCF100C6A9E1 /* Release */ = {
			isa = XCBuildConfiguration;
			buildSettings = {
				BUNDLE_LOADER = "$(TEST_HOST)";
				CODE_SIGN_STYLE = Automatic;
				CURRENT_PROJECT_VERSION = 1;
				DEVELOPMENT_TEAM = SD8J3B58T9;
				GENERATE_INFOPLIST_FILE = YES;
				MARKETING_VERSION = 1.0;
				PRODUCT_BUNDLE_IDENTIFIER = "Doogie.Vaccination-Center-List-AppTests";
				PRODUCT_NAME = "$(TARGET_NAME)";
				SWIFT_EMIT_LOC_STRINGS = NO;
				SWIFT_VERSION = 5.0;
				TARGETED_DEVICE_FAMILY = "1,2";
				TEST_HOST = "$(BUILT_PRODUCTS_DIR)/Vaccination-Center-List-App.app/Vaccination-Center-List-App";
			};
			name = Release;
		};
		ACC7790828E2D58D000EDA2F /* Debug */ = {
			isa = XCBuildConfiguration;
			buildSettings = {
				ALWAYS_SEARCH_USER_PATHS = NO;
				CLANG_ANALYZER_NONNULL = YES;
				CLANG_ANALYZER_NUMBER_OBJECT_CONVERSION = YES_AGGRESSIVE;
				CLANG_CXX_LANGUAGE_STANDARD = "gnu++17";
				CLANG_ENABLE_MODULES = YES;
				CLANG_ENABLE_OBJC_ARC = YES;
				CLANG_ENABLE_OBJC_WEAK = YES;
				CLANG_WARN_BLOCK_CAPTURE_AUTORELEASING = YES;
				CLANG_WARN_BOOL_CONVERSION = YES;
				CLANG_WARN_COMMA = YES;
				CLANG_WARN_CONSTANT_CONVERSION = YES;
				CLANG_WARN_DEPRECATED_OBJC_IMPLEMENTATIONS = YES;
				CLANG_WARN_DIRECT_OBJC_ISA_USAGE = YES_ERROR;
				CLANG_WARN_DOCUMENTATION_COMMENTS = YES;
				CLANG_WARN_EMPTY_BODY = YES;
				CLANG_WARN_ENUM_CONVERSION = YES;
				CLANG_WARN_INFINITE_RECURSION = YES;
				CLANG_WARN_INT_CONVERSION = YES;
				CLANG_WARN_NON_LITERAL_NULL_CONVERSION = YES;
				CLANG_WARN_OBJC_IMPLICIT_RETAIN_SELF = YES;
				CLANG_WARN_OBJC_LITERAL_CONVERSION = YES;
				CLANG_WARN_OBJC_ROOT_CLASS = YES_ERROR;
				CLANG_WARN_QUOTED_INCLUDE_IN_FRAMEWORK_HEADER = YES;
				CLANG_WARN_RANGE_LOOP_ANALYSIS = YES;
				CLANG_WARN_STRICT_PROTOTYPES = YES;
				CLANG_WARN_SUSPICIOUS_MOVE = YES;
				CLANG_WARN_UNGUARDED_AVAILABILITY = YES_AGGRESSIVE;
				CLANG_WARN_UNREACHABLE_CODE = YES;
				CLANG_WARN__DUPLICATE_METHOD_MATCH = YES;
				COPY_PHASE_STRIP = NO;
				DEBUG_INFORMATION_FORMAT = dwarf;
				ENABLE_STRICT_OBJC_MSGSEND = YES;
				ENABLE_TESTABILITY = YES;
				GCC_C_LANGUAGE_STANDARD = gnu11;
				GCC_DYNAMIC_NO_PIC = NO;
				GCC_NO_COMMON_BLOCKS = YES;
				GCC_OPTIMIZATION_LEVEL = 0;
				GCC_PREPROCESSOR_DEFINITIONS = (
					"DEBUG=1",
					"$(inherited)",
				);
				GCC_WARN_64_TO_32_BIT_CONVERSION = YES;
				GCC_WARN_ABOUT_RETURN_TYPE = YES_ERROR;
				GCC_WARN_UNDECLARED_SELECTOR = YES;
				GCC_WARN_UNINITIALIZED_AUTOS = YES_AGGRESSIVE;
				GCC_WARN_UNUSED_FUNCTION = YES;
				GCC_WARN_UNUSED_VARIABLE = YES;
				IPHONEOS_DEPLOYMENT_TARGET = 15.4;
				MTL_ENABLE_DEBUG_INFO = INCLUDE_SOURCE;
				MTL_FAST_MATH = YES;
				ONLY_ACTIVE_ARCH = YES;
				SDKROOT = iphoneos;
				SWIFT_ACTIVE_COMPILATION_CONDITIONS = DEBUG;
				SWIFT_OPTIMIZATION_LEVEL = "-Onone";
			};
			name = Debug;
		};
		ACC7790928E2D58D000EDA2F /* Release */ = {
			isa = XCBuildConfiguration;
			buildSettings = {
				ALWAYS_SEARCH_USER_PATHS = NO;
				CLANG_ANALYZER_NONNULL = YES;
				CLANG_ANALYZER_NUMBER_OBJECT_CONVERSION = YES_AGGRESSIVE;
				CLANG_CXX_LANGUAGE_STANDARD = "gnu++17";
				CLANG_ENABLE_MODULES = YES;
				CLANG_ENABLE_OBJC_ARC = YES;
				CLANG_ENABLE_OBJC_WEAK = YES;
				CLANG_WARN_BLOCK_CAPTURE_AUTORELEASING = YES;
				CLANG_WARN_BOOL_CONVERSION = YES;
				CLANG_WARN_COMMA = YES;
				CLANG_WARN_CONSTANT_CONVERSION = YES;
				CLANG_WARN_DEPRECATED_OBJC_IMPLEMENTATIONS = YES;
				CLANG_WARN_DIRECT_OBJC_ISA_USAGE = YES_ERROR;
				CLANG_WARN_DOCUMENTATION_COMMENTS = YES;
				CLANG_WARN_EMPTY_BODY = YES;
				CLANG_WARN_ENUM_CONVERSION = YES;
				CLANG_WARN_INFINITE_RECURSION = YES;
				CLANG_WARN_INT_CONVERSION = YES;
				CLANG_WARN_NON_LITERAL_NULL_CONVERSION = YES;
				CLANG_WARN_OBJC_IMPLICIT_RETAIN_SELF = YES;
				CLANG_WARN_OBJC_LITERAL_CONVERSION = YES;
				CLANG_WARN_OBJC_ROOT_CLASS = YES_ERROR;
				CLANG_WARN_QUOTED_INCLUDE_IN_FRAMEWORK_HEADER = YES;
				CLANG_WARN_RANGE_LOOP_ANALYSIS = YES;
				CLANG_WARN_STRICT_PROTOTYPES = YES;
				CLANG_WARN_SUSPICIOUS_MOVE = YES;
				CLANG_WARN_UNGUARDED_AVAILABILITY = YES_AGGRESSIVE;
				CLANG_WARN_UNREACHABLE_CODE = YES;
				CLANG_WARN__DUPLICATE_METHOD_MATCH = YES;
				COPY_PHASE_STRIP = NO;
				DEBUG_INFORMATION_FORMAT = "dwarf-with-dsym";
				ENABLE_NS_ASSERTIONS = NO;
				ENABLE_STRICT_OBJC_MSGSEND = YES;
				GCC_C_LANGUAGE_STANDARD = gnu11;
				GCC_NO_COMMON_BLOCKS = YES;
				GCC_WARN_64_TO_32_BIT_CONVERSION = YES;
				GCC_WARN_ABOUT_RETURN_TYPE = YES_ERROR;
				GCC_WARN_UNDECLARED_SELECTOR = YES;
				GCC_WARN_UNINITIALIZED_AUTOS = YES_AGGRESSIVE;
				GCC_WARN_UNUSED_FUNCTION = YES;
				GCC_WARN_UNUSED_VARIABLE = YES;
				IPHONEOS_DEPLOYMENT_TARGET = 15.4;
				MTL_ENABLE_DEBUG_INFO = NO;
				MTL_FAST_MATH = YES;
				SDKROOT = iphoneos;
				SWIFT_COMPILATION_MODE = wholemodule;
				SWIFT_OPTIMIZATION_LEVEL = "-O";
				VALIDATE_PRODUCT = YES;
			};
			name = Release;
		};
		ACC7790B28E2D58D000EDA2F /* Debug */ = {
			isa = XCBuildConfiguration;
			baseConfigurationReference = 7F028287D186C17ACF29158A /* Pods-Vaccination-Center-List-App.debug.xcconfig */;
			buildSettings = {
				ASSETCATALOG_COMPILER_APPICON_NAME = AppIcon;
				ASSETCATALOG_COMPILER_GLOBAL_ACCENT_COLOR_NAME = AccentColor;
				CODE_SIGN_STYLE = Automatic;
				CURRENT_PROJECT_VERSION = 1;
				DEVELOPMENT_TEAM = SD8J3B58T9;
				GENERATE_INFOPLIST_FILE = YES;
				INFOPLIST_FILE = "Vaccination-Center-List-App/Info.plist";
				INFOPLIST_KEY_UIApplicationSupportsIndirectInputEvents = YES;
				INFOPLIST_KEY_UILaunchStoryboardName = LaunchScreen;
				INFOPLIST_KEY_UISupportedInterfaceOrientations_iPad = "UIInterfaceOrientationPortrait UIInterfaceOrientationPortraitUpsideDown UIInterfaceOrientationLandscapeLeft UIInterfaceOrientationLandscapeRight";
				INFOPLIST_KEY_UISupportedInterfaceOrientations_iPhone = "UIInterfaceOrientationPortrait UIInterfaceOrientationLandscapeLeft UIInterfaceOrientationLandscapeRight";
				LD_RUNPATH_SEARCH_PATHS = (
					"$(inherited)",
					"@executable_path/Frameworks",
				);
				MARKETING_VERSION = 1.0;
				PRODUCT_BUNDLE_IDENTIFIER = "Doogie.Vaccination-Center-List-App";
				PRODUCT_NAME = "$(TARGET_NAME)";
				SWIFT_EMIT_LOC_STRINGS = YES;
				SWIFT_VERSION = 5.0;
				TARGETED_DEVICE_FAMILY = "1,2";
			};
			name = Debug;
		};
		ACC7790C28E2D58D000EDA2F /* Release */ = {
			isa = XCBuildConfiguration;
			baseConfigurationReference = 5F6087C3D8E0A80BE7D4CB91 /* Pods-Vaccination-Center-List-App.release.xcconfig */;
			buildSettings = {
				ASSETCATALOG_COMPILER_APPICON_NAME = AppIcon;
				ASSETCATALOG_COMPILER_GLOBAL_ACCENT_COLOR_NAME = AccentColor;
				CODE_SIGN_STYLE = Automatic;
				CURRENT_PROJECT_VERSION = 1;
				DEVELOPMENT_TEAM = SD8J3B58T9;
				GENERATE_INFOPLIST_FILE = YES;
				INFOPLIST_FILE = "Vaccination-Center-List-App/Info.plist";
				INFOPLIST_KEY_UIApplicationSupportsIndirectInputEvents = YES;
				INFOPLIST_KEY_UILaunchStoryboardName = LaunchScreen;
				INFOPLIST_KEY_UISupportedInterfaceOrientations_iPad = "UIInterfaceOrientationPortrait UIInterfaceOrientationPortraitUpsideDown UIInterfaceOrientationLandscapeLeft UIInterfaceOrientationLandscapeRight";
				INFOPLIST_KEY_UISupportedInterfaceOrientations_iPhone = "UIInterfaceOrientationPortrait UIInterfaceOrientationLandscapeLeft UIInterfaceOrientationLandscapeRight";
				LD_RUNPATH_SEARCH_PATHS = (
					"$(inherited)",
					"@executable_path/Frameworks",
				);
				MARKETING_VERSION = 1.0;
				PRODUCT_BUNDLE_IDENTIFIER = "Doogie.Vaccination-Center-List-App";
				PRODUCT_NAME = "$(TARGET_NAME)";
				SWIFT_EMIT_LOC_STRINGS = YES;
				SWIFT_VERSION = 5.0;
				TARGETED_DEVICE_FAMILY = "1,2";
			};
			name = Release;
		};
/* End XCBuildConfiguration section */

/* Begin XCConfigurationList section */
		ACC4FC6B28E3FCF100C6A9E1 /* Build configuration list for PBXNativeTarget "Vaccination-Center-List-AppTests" */ = {
			isa = XCConfigurationList;
			buildConfigurations = (
				ACC4FC6928E3FCF100C6A9E1 /* Debug */,
				ACC4FC6A28E3FCF100C6A9E1 /* Release */,
			);
			defaultConfigurationIsVisible = 0;
			defaultConfigurationName = Release;
		};
		ACC778F128E2D58C000EDA2F /* Build configuration list for PBXProject "Vaccination-Center-List-App" */ = {
			isa = XCConfigurationList;
			buildConfigurations = (
				ACC7790828E2D58D000EDA2F /* Debug */,
				ACC7790928E2D58D000EDA2F /* Release */,
			);
			defaultConfigurationIsVisible = 0;
			defaultConfigurationName = Release;
		};
		ACC7790A28E2D58D000EDA2F /* Build configuration list for PBXNativeTarget "Vaccination-Center-List-App" */ = {
			isa = XCConfigurationList;
			buildConfigurations = (
				ACC7790B28E2D58D000EDA2F /* Debug */,
				ACC7790C28E2D58D000EDA2F /* Release */,
			);
			defaultConfigurationIsVisible = 0;
			defaultConfigurationName = Release;
		};
/* End XCConfigurationList section */
	};
	rootObject = ACC778EE28E2D58C000EDA2F /* Project object */;
}
